# This file is automatically generated - do not edit it directly.
# Use https://weblate.rob006.net/projects/flarum2/linkrobins-auto-lock/de/ for translation.
# You can read more about the process at https://github.com/rob006-software/flarum-translations/wiki.

linkrobins-auto-lock:
  admin:
    settings:
      days_help: 'Gezählt ab dem letzten Beitrag. Mindestens 1.'
      days_label: 'Stille Tage bis zur Sperrung'
      description: 'Sperrt Diskussionen, in denen es nicht mehr aktiv ist, damit alte Threads keine Antworten mehr sammeln, auf die niemand mehr wartet.'
      enabled_help: 'Ausgeschaltet, bis du es einschaltest. Solange es ausgeschaltet ist, wird nichts gesperrt.'
      enabled_label: 'Stille Diskussionen automatisch sperren'
      exempt_tags_help: 'Diskussionen mit einem dieser Tags bleiben offen, egal wie wenig dort gepostet wird.'
      exempt_tags_label: 'Tags, die nie gesperrt werden'
      exempt_tags_loading: 'Tags werden geladen...'
      post_notice_help: 'Fügt der Diskussion eine Zeile hinzu, in der angegeben wird, dass der Thread automatisch gesperrt wurde und nach welcher Zeit. Ohne diese Angabe wird sie ohne Erklärung einfach geschlossen.'
      post_notice_label: 'Hinterlasse einen Hinweis in der Diskussion, wenn diese gesperrt wird'
      scheduler_notice: 'Dies läuft über den Scheduler von Flarum, funktioniert also nur, wenn dein Server den Befehl „schedule:run“ jede Minute ausführt. Um zu sehen, was passieren würde, ohne etwas zu ändern, führe den Befehl „auto-lock“ mit der Option „--dry-run“ aus.'
      show_countdown_help: 'Informiert die Mitglieder darüber, dass eine Diskussion bald gesperrt wird, solange sie noch darauf antworten können.'
      show_countdown_label: 'Einen Countdown oberhalb des Antwortfeldes anzeigen'
      title: Auto-Sperrung
  forum:
    countdown:
      day: 'Diese Diskussion wird morgen gesperrt, wenn niemand darauf antwortet.'
      days: 'Diese Diskussion wird nach {count} Tagen gesperrt, wenn niemand darauf antwortet.'
      title: 'Stille Diskussionen werden nach {days} Tagen automatisch gesperrt.'
      today: 'Diese Diskussion wird heute gesperrt, wenn niemand darauf antwortet.'
    post:
      locked: 'Wurde nach {count} Tagen ohne Antwort automatisch gesperrt.'
